
Microsoft Visual Studio Solution File, Format Version 12.00
# Visual Studio 15
VisualStudioVersion = 15.0.27703.2000
MinimumVisualStudioVersion = 10.0.40219.1
Project("{FAE04EC0-301F-11D3-BF4B-00C04F79EFBC}") = "CommanderApp", "CommanderApp\CommanderApp.csproj", "{63A97019-C3CB-4689-B7AB-5DA1CFD58D73}"
EndProject
Global
	GlobalSection(SolutionConfigurationPlatforms) = preSolution
		Debug|Any CPU = Debug|Any CPU
		Release|Any CPU = Release|Any CPU
	EndGlobalSection
	GlobalSection(ProjectConfigurationPlatforms) = postSolution
		{63A97019-C3CB-4689-B7AB-5DA1CFD58D73}.Debug|Any CPU.ActiveCfg = Debug|Any CPU
		{63A97019-C3CB-4689-B7AB-5DA1CFD58D73}.Debug|Any CPU.Build.0 = Debug|Any CPU
		{63A97019-C3CB-4689-B7AB-5DA1CFD58D73}.Release|Any CPU.ActiveCfg = Release|Any CPU
		{63A97019-C3CB-4689-B7AB-5DA1CFD58D73}.Release|Any CPU.Build.0 = Release|Any CPU
	EndGlobalSection
	GlobalSection(SolutionProperties) = preSolution
		HideSolutionNode = FALSE
	EndGlobalSection
	GlobalSection(ExtensibilityGlobals) = postSolution
		SolutionGuid = {317A45BF-5A0F-49EF-82B3-571C1AEEB57E}
	EndGlobalSection
EndGlobal
